dependencies:
- name: postgres-operator
  repository: https://raw.githubusercontent.com/zalando/postgres-operator/master/charts/postgres-operator/
  version: 1.9.0
- name: csi-s3
  repository: https://raw.githubusercontent.com/cloudve/helm-charts/master/
  version: 0.35.3
- name: galaxy-cvmfs-csi
  repository: https://raw.githubusercontent.com/cloudve/helm-charts/master/
  version: 2.4.0
- name: rabbitmq-cluster-operator
  repository: https://charts.bitnami.com/bitnami
  version: 2.6.12
digest: sha256:c97afa85c6f46343b49d2a9afd4430dcee0d58417183ebaa1a38f5176bbd6423
generated: "2024-10-14T10:48:04.193285333+01:00"
